{
  "requires": true,
  "lockfileVersion": 1,
  "dependencies": {
    "mongoose-int32": {
      "version": "0.3.1",
      "resolved": "https://registry.npmjs.org/mongoose-int32/-/mongoose-int32-0.3.1.tgz",
      "integrity": "sha512-+/lFQ7Q4ZgxK9P5Y2WYh/FnPQlncidoqAGg5HeenyjE5xjpEASTTo5rPMynErmDXvsCPYq9wGd3y/cEwBMaEXQ=="
    }
  }
}
